# THIS IS AN AUTOGENERATED FILE. DO NOT EDIT THIS FILE DIRECTLY.
# yarn lockfile v1


expresss@^0.0.0:
  version "0.0.0"
  resolved "https://registry.yarnpkg.com/expresss/-/expresss-0.0.0.tgz#5b33a7f89e7af90d312c4fd649e9020bfc820929"
  integrity sha512-dnfKMF9CM+MRGXD58Ul3T+neY+5C9i4CaT5sEEOvIWxdueyk7TiFIzauAOFnxmMZAdio5uak7M3FDcr+B9A8xg==
